
Microsoft Visual Studio Solution File, Format Version 12.00
# Visual Studio Version 17
VisualStudioVersion = 17.12.35521.163
MinimumVisualStudioVersion = 10.0.40219.1
Project("{FAE04EC0-301F-11D3-BF4B-00C04F79EFBC}") = "testing", "testing\testing.csproj", "{2EF6B824-E9CD-4B1B-8480-3F205E63C53E}"
EndProject
Project("{FAE04EC0-301F-11D3-BF4B-00C04F79EFBC}") = "ArdTes", "ArdTes\ArdTes.csproj", "{BB02E706-32F5-4186-AD64-7D71B4E2CC34}"
EndProject
Project("{FAE04EC0-301F-11D3-BF4B-00C04F79EFBC}") = "Server", "Server\Server.csproj", "{43AAA95D-EEDC-406F-B7C4-2F2250D4A44E}"
EndProject
Global
	GlobalSection(SolutionConfigurationPlatforms) = preSolution
		Debug|Any CPU = Debug|Any CPU
		Release|Any CPU = Release|Any CPU
	EndGlobalSection
	GlobalSection(ProjectConfigurationPlatforms) = postSolution
		{2EF6B824-E9CD-4B1B-8480-3F205E63C53E}.Debug|Any CPU.ActiveCfg = Debug|Any CPU
		{2EF6B824-E9CD-4B1B-8480-3F205E63C53E}.Debug|Any CPU.Build.0 = Debug|Any CPU
		{2EF6B824-E9CD-4B1B-8480-3F205E63C53E}.Release|Any CPU.ActiveCfg = Release|Any CPU
		{2EF6B824-E9CD-4B1B-8480-3F205E63C53E}.Release|Any CPU.Build.0 = Release|Any CPU
		{BB02E706-32F5-4186-AD64-7D71B4E2CC34}.Debug|Any CPU.ActiveCfg = Debug|Any CPU
		{BB02E706-32F5-4186-AD64-7D71B4E2CC34}.Debug|Any CPU.Build.0 = Debug|Any CPU
		{BB02E706-32F5-4186-AD64-7D71B4E2CC34}.Release|Any CPU.ActiveCfg = Release|Any CPU
		{BB02E706-32F5-4186-AD64-7D71B4E2CC34}.Release|Any CPU.Build.0 = Release|Any CPU
		{43AAA95D-EEDC-406F-B7C4-2F2250D4A44E}.Debug|Any CPU.ActiveCfg = Debug|Any CPU
		{43AAA95D-EEDC-406F-B7C4-2F2250D4A44E}.Debug|Any CPU.Build.0 = Debug|Any CPU
		{43AAA95D-EEDC-406F-B7C4-2F2250D4A44E}.Release|Any CPU.ActiveCfg = Release|Any CPU
		{43AAA95D-EEDC-406F-B7C4-2F2250D4A44E}.Release|Any CPU.Build.0 = Release|Any CPU
	EndGlobalSection
	GlobalSection(SolutionProperties) = preSolution
		HideSolutionNode = FALSE
	EndGlobalSection
EndGlobal
